{
  "requires": true,
  "lockfileVersion": 1,
  "dependencies": {
    "diff": {
      "version": "2.2.3",
      "resolved": "https://registry.npmjs.org/diff/-/diff-2.2.3.tgz",
      "integrity": "sha1-YOr9DSjukG5Oj/ClLBIpUhAzv5k="
    },
    "meth": {
      "version": "0.0.3",
      "resolved": "https://registry.npmjs.org/meth/-/meth-0.0.3.tgz",
      "integrity": "sha1-byuibS5ItaDbUL9rLkZhozyqQh4=",
      "requires": {
        "diff": "^2.2.1",
        "ramda": "^0.18.0",
        "shellwords": "^0.1.0"
      }
    },
    "ramda": {
      "version": "0.18.0",
      "resolved": "https://registry.npmjs.org/ramda/-/ramda-0.18.0.tgz",
      "integrity": "sha1-xuPF1LmrH3kGcn/e6wORUqhdTbM="
    },
    "shellwords": {
      "version": "0.1.1",
      "resolved": "https://registry.npmjs.org/shellwords/-/shellwords-0.1.1.tgz",
      "integrity": "sha512-vFwSUfQvqybiICwZY5+DAWIPLKsWO31Q91JSKl3UYv+K5c2QRPzn0qzec6QPu1Qc9eHYItiP3NdJqNVqetYAww=="
    }
  }
}
